
Microsoft Visual Studio Solution File, Format Version 12.00
# Visual Studio Version 17
VisualStudioVersion = 17.5.33530.505
MinimumVisualStudioVersion = 10.0.40219.1
Project("{FAE04EC0-301F-11D3-BF4B-00C04F79EFBC}") = "ItemlessPlayerSpawn", "ItemlessPlayerSpawn.csproj", "{24956DF1-C5F3-42A7-B59A-0FB53BA2C03A}"
EndProject
Global
	GlobalSection(SolutionConfigurationPlatforms) = preSolution
		Debug|Any CPU = Debug|Any CPU
		Release|Any CPU = Release|Any CPU
	EndGlobalSection
	GlobalSection(ProjectConfigurationPlatforms) = postSolution
		{24956DF1-C5F3-42A7-B59A-0FB53BA2C03A}.Debug|Any CPU.ActiveCfg = Debug|Any CPU
		{24956DF1-C5F3-42A7-B59A-0FB53BA2C03A}.Debug|Any CPU.Build.0 = Debug|Any CPU
		{24956DF1-C5F3-42A7-B59A-0FB53BA2C03A}.Release|Any CPU.ActiveCfg = Release|Any CPU
		{24956DF1-C5F3-42A7-B59A-0FB53BA2C03A}.Release|Any CPU.Build.0 = Release|Any CPU
	EndGlobalSection
	GlobalSection(SolutionProperties) = preSolution
		HideSolutionNode = FALSE
	EndGlobalSection
	GlobalSection(ExtensibilityGlobals) = postSolution
		SolutionGuid = {E41F0907-36B0-4C89-B413-05F08C744E4A}
	EndGlobalSection
EndGlobal
